// !$*UTF8*$!
{
	archiveVersion = 1;
	classes = {
	};
	objectVersion = 56;
	objects = {

/* Begin PBXBuildFile section */
		03E79EE82BF871490010097E /* EmotionAndNewWorldsViewController.swift in Sources */ = {isa = PBXBuildFile; fileRef = 03E79EE72BF871490010097E /* EmotionAndNewWorldsViewController.swift */; };
		03F5EF212BF739FF00103E74 /* AppDelegate.swift in Sources */ = {isa = PBXBuildFile; fileRef = 03F5EF202BF739FF00103E74 /* AppDelegate.swift */; };
		03F5EF232BF739FF00103E74 /* SceneDelegate.swift in Sources */ = {isa = PBXBuildFile; fileRef = 03F5EF222BF739FF00103E74 /* SceneDelegate.swift */; };
		03F5EF252BF739FF00103E74 /* ViewController.swift in Sources */ = {isa = PBXBuildFile; fileRef = 03F5EF242BF739FF00103E74 /* ViewController.swift */; };
		03F5EF282BF739FF00103E74 /* Base in Resources */ = {isa = PBXBuildFile; fileRef = 03F5EF272BF739FF00103E74 /* Base */; };
		03F5EF2A2BF73A0000103E74 /* Assets.xcassets in Resources */ = {isa = PBXBuildFile; fileRef = 03F5EF292BF73A0000103E74 /* Assets.xcassets */; };
		03F5EF2D2BF73A0000103E74 /* Base in Resources */ = {isa = PBXBuildFile; fileRef = 03F5EF2C2BF73A0000103E74 /* Base */; };
		03F5EF362BF73ACF00103E74 /* ImotionViewController.swift in Sources */ = {isa = PBXBuildFile; fileRef = 03F5EF352BF73ACF00103E74 /* ImotionViewController.swift */; };
		03F5EF382BF73DFF00103E74 /* NewWordsViewController.swift in Sources */ = {isa = PBXBuildFile; fileRef = 03F5EF372BF73DFF00103E74 /* NewWordsViewController.swift */; };
/* End PBXBuildFile section */

/* Begin PBXFileReference section */
		03E79EE72BF871490010097E /* EmotionAndNewWorldsViewController.swift */ = {isa = PBXFileReference; lastKnownFileType = sourcecode.swift; path = EmotionAndNewWorldsViewController.swift; sourceTree = "<group>"; };
		03F5EF1D2BF739FF00103E74 /* ImotionAndNewWords.app */ = {isa = PBXFileReference; explicitFileType = wrapper.application; includeInIndex = 0; path = ImotionAndNewWords.app; sourceTree = BUILT_PRODUCTS_DIR; };
		03F5EF202BF739FF00103E74 /* AppDelegate.swift */ = {isa = PBXFileReference; lastKnownFileType = sourcecode.swift; path = AppDelegate.swift; sourceTree = "<group>"; };
		03F5EF222BF739FF00103E74 /* SceneDelegate.swift */ = {isa = PBXFileReference; lastKnownFileType = sourcecode.swift; path = SceneDelegate.swift; sourceTree = "<group>"; };
		03F5EF242BF739FF00103E74 /* ViewController.swift */ = {isa = PBXFileReference; lastKnownFileType = sourcecode.swift; path = ViewController.swift; sourceTree = "<group>"; };
		03F5EF272BF739FF00103E74 /* Base */ = {isa = PBXFileReference; lastKnownFileType = file.storyboard; name = Base; path = Base.lproj/Main.storyboard; sourceTree = "<group>"; };
		03F5EF292BF73A0000103E74 /* Assets.xcassets */ = {isa = PBXFileReference; lastKnownFileType = folder.assetcatalog; path = Assets.xcassets; sourceTree = "<group>"; };
		03F5EF2C2BF73A0000103E74 /* Base */ = {isa = PBXFileReference; lastKnownFileType = file.storyboard; name = Base; path = Base.lproj/LaunchScreen.storyboard; sourceTree = "<group>"; };
		03F5EF2E2BF73A0000103E74 /* Info.plist */ = {isa = PBXFileReference; lastKnownFileType = text.plist.xml; path = Info.plist; sourceTree = "<group>"; };
		03F5EF352BF73ACF00103E74 /* ImotionViewController.swift */ = {isa = PBXFileReference; lastKnownFileType = sourcecode.swift; path = ImotionViewController.swift; sourceTree = "<group>"; };
		03F5EF372BF73DFF00103E74 /* NewWordsViewController.swift */ = {isa = PBXFileReference; lastKnownFileType = sourcecode.swift; path = NewWordsViewController.swift; sourceTree = "<group>"; };
/* End PBXFileReference section */

/* Begin PBXFrameworksBuildPhase section */
		03F5EF1A2BF739FF00103E74 /* Frameworks */ = {
			isa = PBXFrameworksBuildPhase;
			buildActionMask = 2147483647;
			files = (
			);
			runOnlyForDeploymentPostprocessing = 0;
		};
/* End PBXFrameworksBuildPhase section */

/* Begin PBXGroup section */
		03F5EF142BF739FF00103E74 = {
			isa = PBXGroup;
			children = (
				03F5EF1F2BF739FF00103E74 /* ImotionAndNewWords */,
				03F5EF1E2BF739FF00103E74 /* Products */,
			);
			sourceTree = "<group>";
		};
		03F5EF1E2BF739FF00103E74 /* Products */ = {
			isa = PBXGroup;
			children = (
				03F5EF1D2BF739FF00103E74 /* ImotionAndNewWords.app */,
			);
			name = Products;
			sourceTree = "<group>";
		};
		03F5EF1F2BF739FF00103E74 /* ImotionAndNewWords */ = {
			isa = PBXGroup;
			children = (
				03F5EF342BF73A7F00103E74 /* Assignment */,
				03F5EF202BF739FF00103E74 /* AppDelegate.swift */,
				03F5EF222BF739FF00103E74 /* SceneDelegate.swift */,
				03F5EF242BF739FF00103E74 /* ViewController.swift */,
				03F5EF262BF739FF00103E74 /* Main.storyboard */,
				03F5EF292BF73A0000103E74 /* Assets.xcassets */,
				03F5EF2B2BF73A0000103E74 /* LaunchScreen.storyboard */,
				03F5EF2E2BF73A0000103E74 /* Info.plist */,
			);
			path = ImotionAndNewWords;
			sourceTree = "<group>";
		};
		03F5EF342BF73A7F00103E74 /* Assignment */ = {
			isa = PBXGroup;
			children = (
				03F5EF352BF73ACF00103E74 /* ImotionViewController.swift */,
				03F5EF372BF73DFF00103E74 /* NewWordsViewController.swift */,
				03E79EE72BF871490010097E /* EmotionAndNewWorldsViewController.swift */,
			);
			path = Assignment;
			sourceTree = "<group>";
		};
/* End PBXGroup section */

/* Begin PBXNativeTarget section */
		03F5EF1C2BF739FF00103E74 /* ImotionAndNewWords */ = {
			isa = PBXNativeTarget;
			buildConfigurationList = 03F5EF312BF73A0000103E74 /* Build configuration list for PBXNativeTarget "ImotionAndNewWords" */;
			buildPhases = (
				03F5EF192BF739FF00103E74 /* Sources */,
				03F5EF1A2BF739FF00103E74 /* Frameworks */,
				03F5EF1B2BF739FF00103E74 /* Resources */,
			);
			buildRules = (
			);
			dependencies = (
			);
			name = ImotionAndNewWords;
			productName = ImotionAndNewWords;
			productReference = 03F5EF1D2BF739FF00103E74 /* ImotionAndNewWords.app */;
			productType = "com.apple.product-type.application";
		};
/* End PBXNativeTarget section */

/* Begin PBXProject section */
		03F5EF152BF739FF00103E74 /* Project object */ = {
			isa = PBXProject;
			attributes = {
				BuildIndependentTargetsInParallel = 1;
				LastSwiftUpdateCheck = 1530;
				LastUpgradeCheck = 1530;
				TargetAttributes = {
					03F5EF1C2BF739FF00103E74 = {
						CreatedOnToolsVersion = 15.3;
					};
				};
			};
			buildConfigurationList = 03F5EF182BF739FF00103E74 /* Build configuration list for PBXProject "ImotionAndNewWords" */;
			compatibilityVersion = "Xcode 14.0";
			developmentRegion = en;
			hasScannedForEncodings = 0;
			knownRegions = (
				en,
				Base,
			);
			mainGroup = 03F5EF142BF739FF00103E74;
			productRefGroup = 03F5EF1E2BF739FF00103E74 /* Products */;
			projectDirPath = "";
			projectRoot = "";
			targets = (
				03F5EF1C2BF739FF00103E74 /* ImotionAndNewWords */,
			);
		};
/* End PBXProject section */

/* Begin PBXResourcesBuildPhase section */
		03F5EF1B2BF739FF00103E74 /* Resources */ = {
			isa = PBXResourcesBuildPhase;
			buildActionMask = 2147483647;
			files = (
				03F5EF2A2BF73A0000103E74 /* Assets.xcassets in Resources */,
				03F5EF2D2BF73A0000103E74 /* Base in Resources */,
				03F5EF282BF739FF00103E74 /* Base in Resources */,
			);
			runOnlyForDeploymentPostprocessing = 0;
		};
/* End PBXResourcesBuildPhase section */

/* Begin PBXSourcesBuildPhase section */
		03F5EF192BF739FF00103E74 /* Sources */ = {
			isa = PBXSourcesBuildPhase;
			buildActionMask = 2147483647;
			files = (
				03E79EE82BF871490010097E /* EmotionAndNewWorldsViewController.swift in Sources */,
				03F5EF362BF73ACF00103E74 /* ImotionViewController.swift in Sources */,
				03F5EF252BF739FF00103E74 /* ViewController.swift in Sources */,
				03F5EF212BF739FF00103E74 /* AppDelegate.swift in Sources */,
				03F5EF382BF73DFF00103E74 /* NewWordsViewController.swift in Sources */,
				03F5EF232BF739FF00103E74 /* SceneDelegate.swift in Sources */,
			);
			runOnlyForDeploymentPostprocessing = 0;
		};
/* End PBXSourcesBuildPhase section */

/* Begin PBXVariantGroup section */
		03F5EF262BF739FF00103E74 /* Main.storyboard */ = {
			isa = PBXVariantGroup;
			children = (
				03F5EF272BF739FF00103E74 /* Base */,
			);
			name = Main.storyboard;
			sourceTree = "<group>";
		};
		03F5EF2B2BF73A0000103E74 /* LaunchScreen.storyboard */ = {
			isa = PBXVariantGroup;
			children = (
				03F5EF2C2BF73A0000103E74 /* Base */,
			);
			name = LaunchScreen.storyboard;
			sourceTree = "<group>";
		};
/* End PBXVariantGroup section */

/* Begin XCBuildConfiguration section */
		03F5EF2F2BF73A0000103E74 /* Debug */ = {
			isa = XCBuildConfiguration;
			buildSettings = {
				ALWAYS_SEARCH_USER_PATHS = NO;
				ASSETCATALOG_COMPILER_GENERATE_SWIFT_ASSET_SYMBOL_EXTENSIONS = YES;
				CLANG_ANALYZER_NONNULL = YES;
				CLANG_ANALYZER_NUMBER_OBJECT_CONVERSION = YES_AGGRESSIVE;
				CLANG_CXX_LANGUAGE_STANDARD = "gnu++20";
				CLANG_ENABLE_MODULES = YES;
				CLANG_ENABLE_OBJC_ARC = YES;
				CLANG_ENABLE_OBJC_WEAK = YES;
				CLANG_WARN_BLOCK_CAPTURE_AUTORELEASING = YES;
				CLANG_WARN_BOOL_CONVERSION = YES;
				CLANG_WARN_COMMA = YES;
				CLANG_WARN_CONSTANT_CONVERSION = YES;
				CLANG_WARN_DEPRECATED_OBJC_IMPLEMENTATIONS = YES;
				CLANG_WARN_DIRECT_OBJC_ISA_USAGE = YES_ERROR;
				CLANG_WARN_DOCUMENTATION_COMMENTS = YES;
				CLANG_WARN_EMPTY_BODY = YES;
				CLANG_WARN_ENUM_CONVERSION = YES;
				CLANG_WARN_INFINITE_RECURSION = YES;
				CLANG_WARN_INT_CONVERSION = YES;
				CLANG_WARN_NON_LITERAL_NULL_CONVERSION = YES;
				CLANG_WARN_OBJC_IMPLICIT_RETAIN_SELF = YES;
				CLANG_WARN_OBJC_LITERAL_CONVERSION = YES;
				CLANG_WARN_OBJC_ROOT_CLASS = YES_ERROR;
				CLANG_WARN_QUOTED_INCLUDE_IN_FRAMEWORK_HEADER = YES;
				CLANG_WARN_RANGE_LOOP_ANALYSIS = YES;
				CLANG_WARN_STRICT_PROTOTYPES = YES;
				CLANG_WARN_SUSPICIOUS_MOVE = YES;
				CLANG_WARN_UNGUARDED_AVAILABILITY = YES_AGGRESSIVE;
				CLANG_WARN_UNREACHABLE_CODE = YES;
				CLANG_WARN__DUPLICATE_METHOD_MATCH = YES;
				COPY_PHASE_STRIP = NO;
				DEBUG_INFORMATION_FORMAT = dwarf;
				ENABLE_STRICT_OBJC_MSGSEND = YES;
				ENABLE_TESTABILITY = YES;
				ENABLE_USER_SCRIPT_SANDBOXING = YES;
				GCC_C_LANGUAGE_STANDARD = gnu17;
				GCC_DYNAMIC_NO_PIC = NO;
				GCC_NO_COMMON_BLOCKS = YES;
				GCC_OPTIMIZATION_LEVEL = 0;
				GCC_PREPROCESSOR_DEFINITIONS = (
					"DEBUG=1",
					"$(inherited)",
				);
				GCC_WARN_64_TO_32_BIT_CONVERSION = YES;
				GCC_WARN_ABOUT_RETURN_TYPE = YES_ERROR;
				GCC_WARN_UNDECLARED_SELECTOR = YES;
				GCC_WARN_UNINITIALIZED_AUTOS = YES_AGGRESSIVE;
				GCC_WARN_UNUSED_FUNCTION = YES;
				GCC_WARN_UNUSED_VARIABLE = YES;
				IPHONEOS_DEPLOYMENT_TARGET = 17.4;
				LOCALIZATION_PREFERS_STRING_CATALOGS = YES;
				MTL_ENABLE_DEBUG_INFO = INCLUDE_SOURCE;
				MTL_FAST_MATH = YES;
				ONLY_ACTIVE_ARCH = YES;
				SDKROOT = iphoneos;
				SWIFT_ACTIVE_COMPILATION_CONDITIONS = "DEBUG $(inherited)";
				SWIFT_OPTIMIZATION_LEVEL = "-Onone";
			};
			name = Debug;
		};
		03F5EF302BF73A0000103E74 /* Release */ = {
			isa = XCBuildConfiguration;
			buildSettings = {
				ALWAYS_SEARCH_USER_PATHS = NO;
				ASSETCATALOG_COMPILER_GENERATE_SWIFT_ASSET_SYMBOL_EXTENSIONS = YES;
				CLANG_ANALYZER_NONNULL = YES;
				CLANG_ANALYZER_NUMBER_OBJECT_CONVERSION = YES_AGGRESSIVE;
				CLANG_CXX_LANGUAGE_STANDARD = "gnu++20";
				CLANG_ENABLE_MODULES = YES;
				CLANG_ENABLE_OBJC_ARC = YES;
				CLANG_ENABLE_OBJC_WEAK = YES;
				CLANG_WARN_BLOCK_CAPTURE_AUTORELEASING = YES;
				CLANG_WARN_BOOL_CONVERSION = YES;
				CLANG_WARN_COMMA = YES;
				CLANG_WARN_CONSTANT_CONVERSION = YES;
				CLANG_WARN_DEPRECATED_OBJC_IMPLEMENTATIONS = YES;
				CLANG_WARN_DIRECT_OBJC_ISA_USAGE = YES_ERROR;
				CLANG_WARN_DOCUMENTATION_COMMENTS = YES;
				CLANG_WARN_EMPTY_BODY = YES;
				CLANG_WARN_ENUM_CONVERSION = YES;
				CLANG_WARN_INFINITE_RECURSION = YES;
				CLANG_WARN_INT_CONVERSION = YES;
				CLANG_WARN_NON_LITERAL_NULL_CONVERSION = YES;
				CLANG_WARN_OBJC_IMPLICIT_RETAIN_SELF = YES;
				CLANG_WARN_OBJC_LITERAL_CONVERSION = YES;
				CLANG_WARN_OBJC_ROOT_CLASS = YES_ERROR;
				CLANG_WARN_QUOTED_INCLUDE_IN_FRAMEWORK_HEADER = YES;
				CLANG_WARN_RANGE_LOOP_ANALYSIS = YES;
				CLANG_WARN_STRICT_PROTOTYPES = YES;
				CLANG_WARN_SUSPICIOUS_MOVE = YES;
				CLANG_WARN_UNGUARDED_AVAILABILITY = YES_AGGRESSIVE;
				CLANG_WARN_UNREACHABLE_CODE = YES;
				CLANG_WARN__DUPLICATE_METHOD_MATCH = YES;
				COPY_PHASE_STRIP = NO;
				DEBUG_INFORMATION_FORMAT = "dwarf-with-dsym";
				ENABLE_NS_ASSERTIONS = NO;
				ENABLE_STRICT_OBJC_MSGSEND = YES;
				ENABLE_USER_SCRIPT_SANDBOXING = YES;
				GCC_C_LANGUAGE_STANDARD = gnu17;
				GCC_NO_COMMON_BLOCKS = YES;
				GCC_WARN_64_TO_32_BIT_CONVERSION = YES;
				GCC_WARN_ABOUT_RETURN_TYPE = YES_ERROR;
				GCC_WARN_UNDECLARED_SELECTOR = YES;
				GCC_WARN_UNINITIALIZED_AUTOS = YES_AGGRESSIVE;
				GCC_WARN_UNUSED_FUNCTION = YES;
				GCC_WARN_UNUSED_VARIABLE = YES;
				IPHONEOS_DEPLOYMENT_TARGET = 17.4;
				LOCALIZATION_PREFERS_STRING_CATALOGS = YES;
				MTL_ENABLE_DEBUG_INFO = NO;
				MTL_FAST_MATH = YES;
				SDKROOT = iphoneos;
				SWIFT_COMPILATION_MODE = wholemodule;
				VALIDATE_PRODUCT = YES;
			};
			name = Release;
		};
		03F5EF322BF73A0000103E74 /* Debug */ = {
			isa = XCBuildConfiguration;
			buildSettings = {
				ASSETCATALOG_COMPILER_APPICON_NAME = AppIcon;
				ASSETCATALOG_COMPILER_GLOBAL_ACCENT_COLOR_NAME = AccentColor;
				CODE_SIGN_STYLE = Automatic;
				CURRENT_PROJECT_VERSION = 1;
				DEVELOPMENT_TEAM = N727744RT8;
				GENERATE_INFOPLIST_FILE = YES;
				INFOPLIST_FILE = ImotionAndNewWords/Info.plist;
				INFOPLIST_KEY_UIApplicationSupportsIndirectInputEvents = YES;
				INFOPLIST_KEY_UILaunchStoryboardName = LaunchScreen;
				INFOPLIST_KEY_UIMainStoryboardFile = Main;
				INFOPLIST_KEY_UISupportedInterfaceOrientations_iPad = "UIInterfaceOrientationPortrait UIInterfaceOrientationPortraitUpsideDown UIInterfaceOrientationLandscapeLeft UIInterfaceOrientationLandscapeRight";
				INFOPLIST_KEY_UISupportedInterfaceOrientations_iPhone = "UIInterfaceOrientationPortrait UIInterfaceOrientationLandscapeLeft UIInterfaceOrientationLandscapeRight";
				LD_RUNPATH_SEARCH_PATHS = (
					"$(inherited)",
					"@executable_path/Frameworks",
				);
				MARKETING_VERSION = 1.0;
				PRODUCT_BUNDLE_IDENTIFIER = com.jimmy.ImotionAndNewWords;
				PRODUCT_NAME = "$(TARGET_NAME)";
				SWIFT_EMIT_LOC_STRINGS = YES;
				SWIFT_VERSION = 5.0;
				TARGETED_DEVICE_FAMILY = "1,2";
			};
			name = Debug;
		};
		03F5EF332BF73A0000103E74 /* Release */ = {
			isa = XCBuildConfiguration;
			buildSettings = {
				ASSETCATALOG_COMPILER_APPICON_NAME = AppIcon;
				ASSETCATALOG_COMPILER_GLOBAL_ACCENT_COLOR_NAME = AccentColor;
				CODE_SIGN_STYLE = Automatic;
				CURRENT_PROJECT_VERSION = 1;
				DEVELOPMENT_TEAM = N727744RT8;
				GENERATE_INFOPLIST_FILE = YES;
				INFOPLIST_FILE = ImotionAndNewWords/Info.plist;
				INFOPLIST_KEY_UIApplicationSupportsIndirectInputEvents = YES;
				INFOPLIST_KEY_UILaunchStoryboardName = LaunchScreen;
				INFOPLIST_KEY_UIMainStoryboardFile = Main;
				INFOPLIST_KEY_UISupportedInterfaceOrientations_iPad = "UIInterfaceOrientationPortrait UIInterfaceOrientationPortraitUpsideDown UIInterfaceOrientationLandscapeLeft UIInterfaceOrientationLandscapeRight";
				INFOPLIST_KEY_UISupportedInterfaceOrientations_iPhone = "UIInterfaceOrientationPortrait UIInterfaceOrientationLandscapeLeft UIInterfaceOrientationLandscapeRight";
				LD_RUNPATH_SEARCH_PATHS = (
					"$(inherited)",
					"@executable_path/Frameworks",
				);
				MARKETING_VERSION = 1.0;
				PRODUCT_BUNDLE_IDENTIFIER = com.jimmy.ImotionAndNewWords;
				PRODUCT_NAME = "$(TARGET_NAME)";
				SWIFT_EMIT_LOC_STRINGS = YES;
				SWIFT_VERSION = 5.0;
				TARGETED_DEVICE_FAMILY = "1,2";
			};
			name = Release;
		};
/* End XCBuildConfiguration section */

/* Begin XCConfigurationList section */
		03F5EF182BF739FF00103E74 /* Build configuration list for PBXProject "ImotionAndNewWords" */ = {
			isa = XCConfigurationList;
			buildConfigurations = (
				03F5EF2F2BF73A0000103E74 /* Debug */,
				03F5EF302BF73A0000103E74 /* Release */,
			);
			defaultConfigurationIsVisible = 0;
			defaultConfigurationName = Release;
		};
		03F5EF312BF73A0000103E74 /* Build configuration list for PBXNativeTarget "ImotionAndNewWords" */ = {
			isa = XCConfigurationList;
			buildConfigurations = (
				03F5EF322BF73A0000103E74 /* Debug */,
				03F5EF332BF73A0000103E74 /* Release */,
			);
			defaultConfigurationIsVisible = 0;
			defaultConfigurationName = Release;
		};
/* End XCConfigurationList section */
	};
	rootObject = 03F5EF152BF739FF00103E74 /* Project object */;
}
